
Microsoft Visual Studio Solution File, Format Version 12.00
# Visual Studio Version 17
VisualStudioVersion = 17.0.31919.166
MinimumVisualStudioVersion = 10.0.40219.1
Project("{FAE04EC0-301F-11D3-BF4B-00C04F79EFBC}") = "Examiniation System", "Examiniation System\Examiniation System.csproj", "{C98B0EF2-B637-4B0D-8904-EF7A6A1C408B}"
EndProject
Global
	GlobalSection(SolutionConfigurationPlatforms) = preSolution
		Debug|Any CPU = Debug|Any CPU
		Release|Any CPU = Release|Any CPU
	EndGlobalSection
	GlobalSection(ProjectConfigurationPlatforms) = postSolution
		{C98B0EF2-B637-4B0D-8904-EF7A6A1C408B}.Debug|Any CPU.ActiveCfg = Debug|Any CPU
		{C98B0EF2-B637-4B0D-8904-EF7A6A1C408B}.Debug|Any CPU.Build.0 = Debug|Any CPU
		{C98B0EF2-B637-4B0D-8904-EF7A6A1C408B}.Release|Any CPU.ActiveCfg = Release|Any CPU
		{C98B0EF2-B637-4B0D-8904-EF7A6A1C408B}.Release|Any CPU.Build.0 = Release|Any CPU
	EndGlobalSection
	GlobalSection(SolutionProperties) = preSolution
		HideSolutionNode = FALSE
	EndGlobalSection
	GlobalSection(ExtensibilityGlobals) = postSolution
		SolutionGuid = {1FD9CA11-BF14-4D96-822D-3825D80003EE}
	EndGlobalSection
EndGlobal
